
Microsoft Visual Studio Solution File, Format Version 12.00
# Visual Studio Version 16
VisualStudioVersion = 16.0.31624.102
MinimumVisualStudioVersion = 10.0.40219.1
Project("{FAE04EC0-301F-11D3-BF4B-00C04F79EFBC}") = "TaskCalendar", "TaskCalendar.csproj", "{F012DCD7-7934-4E88-81CD-F5D3D776D140}"
EndProject
Project("{FAE04EC0-301F-11D3-BF4B-00C04F79EFBC}") = "TaskCalendar.Domain.Core", "..\TaskCalendar.Domain.Core\TaskCalendar.Domain.Core.csproj", "{7CBE74CD-616A-4C50-A39B-2F804F3BF6DA}"
EndProject
Project("{FAE04EC0-301F-11D3-BF4B-00C04F79EFBC}") = "TaskCalendar.Domain.Interfaces", "..\TaskCalendar.Domain.Interfaces\TaskCalendar.Domain.Interfaces.csproj", "{9DE3CD5F-07C8-4510-93CC-0761C28E3054}"
EndProject
Project("{FAE04EC0-301F-11D3-BF4B-00C04F79EFBC}") = "TaskCalendar.Infrastructure.Data", "..\TaskCalendar.Infrastructure.Data\TaskCalendar.Infrastructure.Data.csproj", "{BD873F54-38DF-43DC-83AE-5782A8BC28BE}"
EndProject
Global
	GlobalSection(SolutionConfigurationPlatforms) = preSolution
		Debug|Any CPU = Debug|Any CPU
		Release|Any CPU = Release|Any CPU
	EndGlobalSection
	GlobalSection(ProjectConfigurationPlatforms) = postSolution
		{F012DCD7-7934-4E88-81CD-F5D3D776D140}.Debug|Any CPU.ActiveCfg = Debug|Any CPU
		{F012DCD7-7934-4E88-81CD-F5D3D776D140}.Debug|Any CPU.Build.0 = Debug|Any CPU
		{F012DCD7-7934-4E88-81CD-F5D3D776D140}.Release|Any CPU.ActiveCfg = Release|Any CPU
		{F012DCD7-7934-4E88-81CD-F5D3D776D140}.Release|Any CPU.Build.0 = Release|Any CPU
		{7CBE74CD-616A-4C50-A39B-2F804F3BF6DA}.Debug|Any CPU.ActiveCfg = Debug|Any CPU
		{7CBE74CD-616A-4C50-A39B-2F804F3BF6DA}.Debug|Any CPU.Build.0 = Debug|Any CPU
		{7CBE74CD-616A-4C50-A39B-2F804F3BF6DA}.Release|Any CPU.ActiveCfg = Release|Any CPU
		{7CBE74CD-616A-4C50-A39B-2F804F3BF6DA}.Release|Any CPU.Build.0 = Release|Any CPU
		{9DE3CD5F-07C8-4510-93CC-0761C28E3054}.Debug|Any CPU.ActiveCfg = Debug|Any CPU
		{9DE3CD5F-07C8-4510-93CC-0761C28E3054}.Debug|Any CPU.Build.0 = Debug|Any CPU
		{9DE3CD5F-07C8-4510-93CC-0761C28E3054}.Release|Any CPU.ActiveCfg = Release|Any CPU
		{9DE3CD5F-07C8-4510-93CC-0761C28E3054}.Release|Any CPU.Build.0 = Release|Any CPU
		{BD873F54-38DF-43DC-83AE-5782A8BC28BE}.Debug|Any CPU.ActiveCfg = Debug|Any CPU
		{BD873F54-38DF-43DC-83AE-5782A8BC28BE}.Debug|Any CPU.Build.0 = Debug|Any CPU
		{BD873F54-38DF-43DC-83AE-5782A8BC28BE}.Release|Any CPU.ActiveCfg = Release|Any CPU
		{BD873F54-38DF-43DC-83AE-5782A8BC28BE}.Release|Any CPU.Build.0 = Release|Any CPU
	EndGlobalSection
	GlobalSection(SolutionProperties) = preSolution
		HideSolutionNode = FALSE
	EndGlobalSection
	GlobalSection(ExtensibilityGlobals) = postSolution
		SolutionGuid = {5D4E3008-CDD0-43EF-B7E1-D7D66EBC1260}
	EndGlobalSection
EndGlobal
